
Microsoft Visual Studio Solution File, Format Version 12.00
# Visual Studio 2012
Project("{FAE04EC0-301F-11D3-BF4B-00C04F79EFBC}") = "CustomAuthentication", "CustomAuthentication\CustomAuthentication.csproj", "{54DC9134-DA2C-4905-972E-7C7930517281}"
EndProject
Project("{FAE04EC0-301F-11D3-BF4B-00C04F79EFBC}") = "CustomAuthenticationMvc", "CustomAuthenticationMvc\CustomAuthenticationMvc.csproj", "{4FC2AC47-239D-4D0E-AB75-AFDB8ED64084}"
EndProject
Project("{FAE04EC0-301F-11D3-BF4B-00C04F79EFBC}") = "WebApi.ProductsExample", "WebApi.ProductsExample\WebApi.ProductsExample.csproj", "{FEDD2DEB-6947-4DD3-BE12-D789AC53A88B}"
EndProject
Project("{FAE04EC0-301F-11D3-BF4B-00C04F79EFBC}") = "Reusability", "Reusability\Reusability.csproj", "{73813438-DEAF-429B-B234-16198447ECE4}"
EndProject
Project("{FAE04EC0-301F-11D3-BF4B-00C04F79EFBC}") = "HelloWorld", "HelloWorld\HelloWorld.csproj", "{85DE112E-42AE-4371-93BA-E556B7D0D4CC}"
EndProject
Project("{FAE04EC0-301F-11D3-BF4B-00C04F79EFBC}") = "PocoPower", "PocoPower\PocoPower.csproj", "{48FFD57F-2979-4C9C-81EE-2E20CBB76548}"
EndProject
Project("{FAE04EC0-301F-11D3-BF4B-00C04F79EFBC}") = "SwaggerHelloWorld", "SwaggerHelloWorld\SwaggerHelloWorld.csproj", "{1FBF5020-D7C6-406D-808C-68C471D10286}"
EndProject
Global
	GlobalSection(SolutionConfigurationPlatforms) = preSolution
		Debug|Any CPU = Debug|Any CPU
		Debug|Mixed Platforms = Debug|Mixed Platforms
		Debug|x86 = Debug|x86
		Release|Any CPU = Release|Any CPU
		Release|Mixed Platforms = Release|Mixed Platforms
		Release|x86 = Release|x86
	EndGlobalSection
	GlobalSection(ProjectConfigurationPlatforms) = postSolution
		{54DC9134-DA2C-4905-972E-7C7930517281}.Debug|Any CPU.ActiveCfg = Debug|Any CPU
		{54DC9134-DA2C-4905-972E-7C7930517281}.Debug|Any CPU.Build.0 = Debug|Any CPU
		{54DC9134-DA2C-4905-972E-7C7930517281}.Debug|Mixed Platforms.ActiveCfg = Debug|Any CPU
		{54DC9134-DA2C-4905-972E-7C7930517281}.Debug|Mixed Platforms.Build.0 = Debug|Any CPU
		{54DC9134-DA2C-4905-972E-7C7930517281}.Debug|x86.ActiveCfg = Debug|Any CPU
		{54DC9134-DA2C-4905-972E-7C7930517281}.Release|Any CPU.ActiveCfg = Release|Any CPU
		{54DC9134-DA2C-4905-972E-7C7930517281}.Release|Any CPU.Build.0 = Release|Any CPU
		{54DC9134-DA2C-4905-972E-7C7930517281}.Release|Mixed Platforms.ActiveCfg = Release|Any CPU
		{54DC9134-DA2C-4905-972E-7C7930517281}.Release|Mixed Platforms.Build.0 = Release|Any CPU
		{54DC9134-DA2C-4905-972E-7C7930517281}.Release|x86.ActiveCfg = Release|Any CPU
		{4FC2AC47-239D-4D0E-AB75-AFDB8ED64084}.Debug|Any CPU.ActiveCfg = Debug|Any CPU
		{4FC2AC47-239D-4D0E-AB75-AFDB8ED64084}.Debug|Any CPU.Build.0 = Debug|Any CPU
		{4FC2AC47-239D-4D0E-AB75-AFDB8ED64084}.Debug|Mixed Platforms.ActiveCfg = Debug|Any CPU
		{4FC2AC47-239D-4D0E-AB75-AFDB8ED64084}.Debug|Mixed Platforms.Build.0 = Debug|Any CPU
		{4FC2AC47-239D-4D0E-AB75-AFDB8ED64084}.Debug|x86.ActiveCfg = Debug|Any CPU
		{4FC2AC47-239D-4D0E-AB75-AFDB8ED64084}.Release|Any CPU.ActiveCfg = Release|Any CPU
		{4FC2AC47-239D-4D0E-AB75-AFDB8ED64084}.Release|Any CPU.Build.0 = Release|Any CPU
		{4FC2AC47-239D-4D0E-AB75-AFDB8ED64084}.Release|Mixed Platforms.ActiveCfg = Release|Any CPU
		{4FC2AC47-239D-4D0E-AB75-AFDB8ED64084}.Release|x86.ActiveCfg = Release|Any CPU
		{FEDD2DEB-6947-4DD3-BE12-D789AC53A88B}.Debug|Any CPU.ActiveCfg = Debug|Any CPU
		{FEDD2DEB-6947-4DD3-BE12-D789AC53A88B}.Debug|Any CPU.Build.0 = Debug|Any CPU
		{FEDD2DEB-6947-4DD3-BE12-D789AC53A88B}.Debug|Mixed Platforms.ActiveCfg = Debug|Any CPU
		{FEDD2DEB-6947-4DD3-BE12-D789AC53A88B}.Debug|Mixed Platforms.Build.0 = Debug|Any CPU
		{FEDD2DEB-6947-4DD3-BE12-D789AC53A88B}.Debug|x86.ActiveCfg = Debug|Any CPU
		{FEDD2DEB-6947-4DD3-BE12-D789AC53A88B}.Release|Any CPU.ActiveCfg = Release|Any CPU
		{FEDD2DEB-6947-4DD3-BE12-D789AC53A88B}.Release|Any CPU.Build.0 = Release|Any CPU
		{FEDD2DEB-6947-4DD3-BE12-D789AC53A88B}.Release|Mixed Platforms.ActiveCfg = Release|Any CPU
		{FEDD2DEB-6947-4DD3-BE12-D789AC53A88B}.Release|Mixed Platforms.Build.0 = Release|Any CPU
		{FEDD2DEB-6947-4DD3-BE12-D789AC53A88B}.Release|x86.ActiveCfg = Release|Any CPU
		{73813438-DEAF-429B-B234-16198447ECE4}.Debug|Any CPU.ActiveCfg = Debug|Any CPU
		{73813438-DEAF-429B-B234-16198447ECE4}.Debug|Any CPU.Build.0 = Debug|Any CPU
		{73813438-DEAF-429B-B234-16198447ECE4}.Debug|Mixed Platforms.ActiveCfg = Debug|Any CPU
		{73813438-DEAF-429B-B234-16198447ECE4}.Debug|Mixed Platforms.Build.0 = Debug|Any CPU
		{73813438-DEAF-429B-B234-16198447ECE4}.Debug|x86.ActiveCfg = Debug|Any CPU
		{73813438-DEAF-429B-B234-16198447ECE4}.Release|Any CPU.ActiveCfg = Release|Any CPU
		{73813438-DEAF-429B-B234-16198447ECE4}.Release|Any CPU.Build.0 = Release|Any CPU
		{73813438-DEAF-429B-B234-16198447ECE4}.Release|Mixed Platforms.ActiveCfg = Release|Any CPU
		{73813438-DEAF-429B-B234-16198447ECE4}.Release|Mixed Platforms.Build.0 = Release|Any CPU
		{73813438-DEAF-429B-B234-16198447ECE4}.Release|x86.ActiveCfg = Release|Any CPU
		{85DE112E-42AE-4371-93BA-E556B7D0D4CC}.Debug|Any CPU.ActiveCfg = Debug|Any CPU
		{85DE112E-42AE-4371-93BA-E556B7D0D4CC}.Debug|Any CPU.Build.0 = Debug|Any CPU
		{85DE112E-42AE-4371-93BA-E556B7D0D4CC}.Debug|Mixed Platforms.ActiveCfg = Debug|Any CPU
		{85DE112E-42AE-4371-93BA-E556B7D0D4CC}.Debug|Mixed Platforms.Build.0 = Debug|Any CPU
		{85DE112E-42AE-4371-93BA-E556B7D0D4CC}.Debug|x86.ActiveCfg = Debug|Any CPU
		{85DE112E-42AE-4371-93BA-E556B7D0D4CC}.Release|Any CPU.ActiveCfg = Release|Any CPU
		{85DE112E-42AE-4371-93BA-E556B7D0D4CC}.Release|Any CPU.Build.0 = Release|Any CPU
		{85DE112E-42AE-4371-93BA-E556B7D0D4CC}.Release|Mixed Platforms.ActiveCfg = Release|Any CPU
		{85DE112E-42AE-4371-93BA-E556B7D0D4CC}.Release|Mixed Platforms.Build.0 = Release|Any CPU
		{85DE112E-42AE-4371-93BA-E556B7D0D4CC}.Release|x86.ActiveCfg = Release|Any CPU
		{48FFD57F-2979-4C9C-81EE-2E20CBB76548}.Debug|Any CPU.ActiveCfg = Debug|x86
		{48FFD57F-2979-4C9C-81EE-2E20CBB76548}.Debug|Mixed Platforms.ActiveCfg = Debug|x86
		{48FFD57F-2979-4C9C-81EE-2E20CBB76548}.Debug|Mixed Platforms.Build.0 = Debug|x86
		{48FFD57F-2979-4C9C-81EE-2E20CBB76548}.Debug|x86.ActiveCfg = Debug|x86
		{48FFD57F-2979-4C9C-81EE-2E20CBB76548}.Debug|x86.Build.0 = Debug|x86
		{48FFD57F-2979-4C9C-81EE-2E20CBB76548}.Release|Any CPU.ActiveCfg = Release|x86
		{48FFD57F-2979-4C9C-81EE-2E20CBB76548}.Release|Mixed Platforms.ActiveCfg = Release|x86
		{48FFD57F-2979-4C9C-81EE-2E20CBB76548}.Release|Mixed Platforms.Build.0 = Release|x86
		{48FFD57F-2979-4C9C-81EE-2E20CBB76548}.Release|x86.ActiveCfg = Release|x86
		{48FFD57F-2979-4C9C-81EE-2E20CBB76548}.Release|x86.Build.0 = Release|x86
		{1FBF5020-D7C6-406D-808C-68C471D10286}.Debug|Any CPU.ActiveCfg = Debug|Any CPU
		{1FBF5020-D7C6-406D-808C-68C471D10286}.Debug|Any CPU.Build.0 = Debug|Any CPU
		{1FBF5020-D7C6-406D-808C-68C471D10286}.Debug|Mixed Platforms.ActiveCfg = Debug|Any CPU
		{1FBF5020-D7C6-406D-808C-68C471D10286}.Debug|Mixed Platforms.Build.0 = Debug|Any CPU
		{1FBF5020-D7C6-406D-808C-68C471D10286}.Debug|x86.ActiveCfg = Debug|Any CPU
		{1FBF5020-D7C6-406D-808C-68C471D10286}.Release|Any CPU.ActiveCfg = Release|Any CPU
		{1FBF5020-D7C6-406D-808C-68C471D10286}.Release|Any CPU.Build.0 = Release|Any CPU
		{1FBF5020-D7C6-406D-808C-68C471D10286}.Release|Mixed Platforms.ActiveCfg = Release|Any CPU
		{1FBF5020-D7C6-406D-808C-68C471D10286}.Release|Mixed Platforms.Build.0 = Release|Any CPU
		{1FBF5020-D7C6-406D-808C-68C471D10286}.Release|x86.ActiveCfg = Release|Any CPU
	EndGlobalSection
	GlobalSection(SolutionProperties) = preSolution
		HideSolutionNode = FALSE
	EndGlobalSection
EndGlobal
