
Microsoft Visual Studio Solution File, Format Version 11.00
# Visual Studio 2010
Project("{FAE04EC0-301F-11D3-BF4B-00C04F79EFBC}") = "CustomAuthentication", "CustomAuthentication\CustomAuthentication.csproj", "{54DC9134-DA2C-4905-972E-7C7930517281}"
EndProject
Project("{FAE04EC0-301F-11D3-BF4B-00C04F79EFBC}") = "CustomAuthenticationMvc", "CustomAuthenticationMvc\CustomAuthenticationMvc.csproj", "{4FC2AC47-239D-4D0E-AB75-AFDB8ED64084}"
EndProject
Project("{FAE04EC0-301F-11D3-BF4B-00C04F79EFBC}") = "WebApi.ProductsExample", "WebApi.ProductsExample\WebApi.ProductsExample.csproj", "{FEDD2DEB-6947-4DD3-BE12-D789AC53A88B}"
EndProject
Global
	GlobalSection(SolutionConfigurationPlatforms) = preSolution
		Debug|Any CPU = Debug|Any CPU
		Release|Any CPU = Release|Any CPU
	EndGlobalSection
	GlobalSection(ProjectConfigurationPlatforms) = postSolution
		{54DC9134-DA2C-4905-972E-7C7930517281}.Debug|Any CPU.ActiveCfg = Debug|Any CPU
		{54DC9134-DA2C-4905-972E-7C7930517281}.Debug|Any CPU.Build.0 = Debug|Any CPU
		{54DC9134-DA2C-4905-972E-7C7930517281}.Release|Any CPU.ActiveCfg = Release|Any CPU
		{54DC9134-DA2C-4905-972E-7C7930517281}.Release|Any CPU.Build.0 = Release|Any CPU
		{4FC2AC47-239D-4D0E-AB75-AFDB8ED64084}.Debug|Any CPU.ActiveCfg = Debug|Any CPU
		{4FC2AC47-239D-4D0E-AB75-AFDB8ED64084}.Debug|Any CPU.Build.0 = Debug|Any CPU
		{4FC2AC47-239D-4D0E-AB75-AFDB8ED64084}.Release|Any CPU.ActiveCfg = Release|Any CPU
		{4FC2AC47-239D-4D0E-AB75-AFDB8ED64084}.Release|Any CPU.Build.0 = Release|Any CPU
		{FEDD2DEB-6947-4DD3-BE12-D789AC53A88B}.Debug|Any CPU.ActiveCfg = Debug|Any CPU
		{FEDD2DEB-6947-4DD3-BE12-D789AC53A88B}.Debug|Any CPU.Build.0 = Debug|Any CPU
		{FEDD2DEB-6947-4DD3-BE12-D789AC53A88B}.Release|Any CPU.ActiveCfg = Release|Any CPU
		{FEDD2DEB-6947-4DD3-BE12-D789AC53A88B}.Release|Any CPU.Build.0 = Release|Any CPU
	EndGlobalSection
	GlobalSection(SolutionProperties) = preSolution
		HideSolutionNode = FALSE
	EndGlobalSection
EndGlobal
